lockfileVersion: '9.0'

settings:
  autoInstallPeers: true
  excludeLinksFromLockfile: false

importers:

  .:
    devDependencies:
      '@types/aws-lambda':
        specifier: ^8.10.92
        version: 8.10.148

packages:

  '@types/aws-lambda@8.10.148':
    resolution: {integrity: sha512-JL+2cfkY9ODQeE06hOxSFNkafjNk4JRBgY837kpoq1GHDttq2U3BA9IzKOWxS4DLjKoymGB4i9uBrlCkjUl1yg==}

snapshots:

  '@types/aws-lambda@8.10.148': {}
